
Microsoft Visual Studio Solution File, Format Version 12.00
# Visual Studio 15
VisualStudioVersion = 15.0.28010.2041
MinimumVisualStudioVersion = 10.0.40219.1
Project("{FAE04EC0-301F-11D3-BF4B-00C04F79EFBC}") = "mAdcOW.AzureFunction.SwaggerDefinitionv2", "mAdcOW.AzureFunction.SwaggerDefinition\mAdcOW.AzureFunction.SwaggerDefinitionv2.csproj", "{70EE904C-4A52-4FB0-943E-5E5C17EAD382}"
EndProject
Global
	GlobalSection(SolutionConfigurationPlatforms) = preSolution
		Debug|Any CPU = Debug|Any CPU
		Release|Any CPU = Release|Any CPU
	EndGlobalSection
	GlobalSection(ProjectConfigurationPlatforms) = postSolution
		{70EE904C-4A52-4FB0-943E-5E5C17EAD382}.Debug|Any CPU.ActiveCfg = Debug|Any CPU
		{70EE904C-4A52-4FB0-943E-5E5C17EAD382}.Debug|Any CPU.Build.0 = Debug|Any CPU
		{70EE904C-4A52-4FB0-943E-5E5C17EAD382}.Release|Any CPU.ActiveCfg = Release|Any CPU
		{70EE904C-4A52-4FB0-943E-5E5C17EAD382}.Release|Any CPU.Build.0 = Release|Any CPU
	EndGlobalSection
	GlobalSection(SolutionProperties) = preSolution
		HideSolutionNode = FALSE
	EndGlobalSection
	GlobalSection(ExtensibilityGlobals) = postSolution
		SolutionGuid = {DC33349B-B4E1-47F8-B4FA-FA31C71EC5F5}
	EndGlobalSection
EndGlobal
