
Microsoft Visual Studio Solution File, Format Version 12.00
# Visual Studio 15
VisualStudioVersion = 15.0.26730.3
MinimumVisualStudioVersion = 10.0.40219.1
Project("{FAE04EC0-301F-11D3-BF4B-00C04F79EFBC}") = "mAdcOW.AzureFunction.SwaggerDefinition", "mAdcOW.AzureFunction.SwaggerDefinition\mAdcOW.AzureFunction.SwaggerDefinition.csproj", "{3CC32B2A-6288-4A80-8D28-6062A82AF06B}"
EndProject
Global
	GlobalSection(SolutionConfigurationPlatforms) = preSolution
		Debug|Any CPU = Debug|Any CPU
		Release|Any CPU = Release|Any CPU
	EndGlobalSection
	GlobalSection(ProjectConfigurationPlatforms) = postSolution
		{3CC32B2A-6288-4A80-8D28-6062A82AF06B}.Debug|Any CPU.ActiveCfg = Debug|Any CPU
		{3CC32B2A-6288-4A80-8D28-6062A82AF06B}.Debug|Any CPU.Build.0 = Debug|Any CPU
		{3CC32B2A-6288-4A80-8D28-6062A82AF06B}.Release|Any CPU.ActiveCfg = Release|Any CPU
		{3CC32B2A-6288-4A80-8D28-6062A82AF06B}.Release|Any CPU.Build.0 = Release|Any CPU
	EndGlobalSection
	GlobalSection(SolutionProperties) = preSolution
		HideSolutionNode = FALSE
	EndGlobalSection
	GlobalSection(ExtensibilityGlobals) = postSolution
		SolutionGuid = {CBCD458F-7634-435E-B639-280A08DB01F5}
	EndGlobalSection
EndGlobal
